// !$*UTF8*$!
{
	archiveVersion = 1;
	classes = {
	};
	objectVersion = 46;
	objects = {

/* Begin PBXBuildFile section */
		0FF9DE9A97886A9ED05AB30D /* Pods_Examples.framework in Frameworks */ = {isa = PBXBuildFile; fileRef = B002FB841D2A2D7445A70D48 /* Pods_Examples.framework */; };
		3F3851191DE0699F009BF2C4 /* AppDelegate.swift in Sources */ = {isa = PBXBuildFile; fileRef = 3F3851181DE0699F009BF2C4 /* AppDelegate.swift */; };
		3F38511B1DE0699F009BF2C4 /* ViewController.swift in Sources */ = {isa = PBXBuildFile; fileRef = 3F38511A1DE0699F009BF2C4 /* ViewController.swift */; };
		3F38511E1DE0699F009BF2C4 /* Main.storyboard in Resources */ = {isa = PBXBuildFile; fileRef = 3F38511C1DE0699F009BF2C4 /* Main.storyboard */; };
		3F3851201DE0699F009BF2C4 /* Assets.xcassets in Resources */ = {isa = PBXBuildFile; fileRef = 3F38511F1DE0699F009BF2C4 /* Assets.xcassets */; };
		3F3851231DE0699F009BF2C4 /* LaunchScreen.storyboard in Resources */ = {isa = PBXBuildFile; fileRef = 3F3851211DE0699F009BF2C4 /* LaunchScreen.storyboard */; };
		3F3851371DE06A29009BF2C4 /* TableOfContentsSpec.swift in Sources */ = {isa = PBXBuildFile; fileRef = 3F3851361DE06A29009BF2C4 /* TableOfContentsSpec.swift */; };
		76E4B0B91FE1C6C95B405AA5 /* Pods_ExamplesTests.framework in Frameworks */ = {isa = PBXBuildFile; fileRef = 6A434CE41CD9478214E7E60C /* Pods_ExamplesTests.framework */; };
/* End PBXBuildFile section */

/* Begin PBXContainerItemProxy section */
		3F38512A1DE0699F009BF2C4 /* PBXContainerItemProxy */ = {
			isa = PBXContainerItemProxy;
			containerPortal = 3F00EE531DB8C8BD00C7028D /* Project object */;
			proxyType = 1;
			remoteGlobalIDString = 3F3851151DE0699F009BF2C4;
			remoteInfo = Examples;
		};
/* End PBXContainerItemProxy section */

/* Begin PBXFileReference section */
		07332B1A918A3259048D1ED9 /* Pods-Examples.debug.xcconfig */ = {isa = PBXFileReference; includeInIndex = 1; lastKnownFileType = text.xcconfig; name = "Pods-Examples.debug.xcconfig"; path = "Pods/Target Support Files/Pods-Examples/Pods-Examples.debug.xcconfig"; sourceTree = "<group>"; };
		3F3851161DE0699F009BF2C4 /* Examples.app */ = {isa = PBXFileReference; explicitFileType = wrapper.application; includeInIndex = 0; path = Examples.app; sourceTree = BUILT_PRODUCTS_DIR; };
		3F3851181DE0699F009BF2C4 /* AppDelegate.swift */ = {isa = PBXFileReference; lastKnownFileType = sourcecode.swift; path = AppDelegate.swift; sourceTree = "<group>"; };
		3F38511A1DE0699F009BF2C4 /* ViewController.swift */ = {isa = PBXFileReference; lastKnownFileType = sourcecode.swift; path = ViewController.swift; sourceTree = "<group>"; };
		3F38511D1DE0699F009BF2C4 /* Base */ = {isa = PBXFileReference; lastKnownFileType = file.storyboard; name = Base; path = Base.lproj/Main.storyboard; sourceTree = "<group>"; };
		3F38511F1DE0699F009BF2C4 /* Assets.xcassets */ = {isa = PBXFileReference; lastKnownFileType = folder.assetcatalog; path = Assets.xcassets; sourceTree = "<group>"; };
		3F3851221DE0699F009BF2C4 /* Base */ = {isa = PBXFileReference; lastKnownFileType = file.storyboard; name = Base; path = Base.lproj/LaunchScreen.storyboard; sourceTree = "<group>"; };
		3F3851241DE0699F009BF2C4 /* Info.plist */ = {isa = PBXFileReference; lastKnownFileType = text.plist.xml; path = Info.plist; sourceTree = "<group>"; };
		3F3851291DE0699F009BF2C4 /* ExamplesTests.xctest */ = {isa = PBXFileReference; explicitFileType = wrapper.cfbundle; includeInIndex = 0; path = ExamplesTests.xctest; sourceTree = BUILT_PRODUCTS_DIR; };
		3F38512F1DE069A0009BF2C4 /* Info.plist */ = {isa = PBXFileReference; lastKnownFileType = text.plist.xml; path = Info.plist; sourceTree = "<group>"; };
		3F3851361DE06A29009BF2C4 /* TableOfContentsSpec.swift */ = {isa = PBXFileReference; fileEncoding = 4; lastKnownFileType = sourcecode.swift; path = TableOfContentsSpec.swift; sourceTree = "<group>"; };
		6A434CE41CD9478214E7E60C /* Pods_ExamplesTests.framework */ = {isa = PBXFileReference; explicitFileType = wrapper.framework; includeInIndex = 0; path = Pods_ExamplesTests.framework; sourceTree = BUILT_PRODUCTS_DIR; };
		B002FB841D2A2D7445A70D48 /* Pods_Examples.framework */ = {isa = PBXFileReference; explicitFileType = wrapper.framework; includeInIndex = 0; path = Pods_Examples.framework; sourceTree = BUILT_PRODUCTS_DIR; };
		DD18F85F310F2F5FA68E452B /* Pods-Examples.release.xcconfig */ = {isa = PBXFileReference; includeInIndex = 1; lastKnownFileType = text.xcconfig; name = "Pods-Examples.release.xcconfig"; path = "Pods/Target Support Files/Pods-Examples/Pods-Examples.release.xcconfig"; sourceTree = "<group>"; };
		E0DA1B0175A7C36ECC472C01 /* Pods-ExamplesTests.release.xcconfig */ = {isa = PBXFileReference; includeInIndex = 1; lastKnownFileType = text.xcconfig; name = "Pods-ExamplesTests.release.xcconfig"; path = "Pods/Target Support Files/Pods-ExamplesTests/Pods-ExamplesTests.release.xcconfig"; sourceTree = "<group>"; };
		FFE5882C129E902461708845 /* Pods-ExamplesTests.debug.xcconfig */ = {isa = PBXFileReference; includeInIndex = 1; lastKnownFileType = text.xcconfig; name = "Pods-ExamplesTests.debug.xcconfig"; path = "Pods/Target Support Files/Pods-ExamplesTests/Pods-ExamplesTests.debug.xcconfig"; sourceTree = "<group>"; };
/* End PBXFileReference section */

/* Begin PBXFrameworksBuildPhase section */
		3F3851131DE0699F009BF2C4 /* Frameworks */ = {
			isa = PBXFrameworksBuildPhase;
			buildActionMask = 2147483647;
			files = (
				0FF9DE9A97886A9ED05AB30D /* Pods_Examples.framework in Frameworks */,
			);
			runOnlyForDeploymentPostprocessing = 0;
		};
		3F3851261DE0699F009BF2C4 /* Frameworks */ = {
			isa = PBXFrameworksBuildPhase;
			buildActionMask = 2147483647;
			files = (
				76E4B0B91FE1C6C95B405AA5 /* Pods_ExamplesTests.framework in Frameworks */,
			);
			runOnlyForDeploymentPostprocessing = 0;
		};
/* End PBXFrameworksBuildPhase section */

/* Begin PBXGroup section */
		3F00EE521DB8C8BD00C7028D = {
			isa = PBXGroup;
			children = (
				3F3851171DE0699F009BF2C4 /* Examples */,
				3F38512C1DE069A0009BF2C4 /* ExamplesTests */,
				3F00EE5E1DB8C9B000C7028D /* Products */,
				7D702E9B59FD6FA7569F39DA /* Pods */,
				FC4D3D48C4BE5D6BBA823C53 /* Frameworks */,
			);
			indentWidth = 2;
			sourceTree = "<group>";
			tabWidth = 2;
		};
		3F00EE5E1DB8C9B000C7028D /* Products */ = {
			isa = PBXGroup;
			children = (
				3F3851161DE0699F009BF2C4 /* Examples.app */,
				3F3851291DE0699F009BF2C4 /* ExamplesTests.xctest */,
			);
			name = Products;
			sourceTree = "<group>";
		};
		3F3851171DE0699F009BF2C4 /* Examples */ = {
			isa = PBXGroup;
			children = (
				3F3851181DE0699F009BF2C4 /* AppDelegate.swift */,
				3F38511A1DE0699F009BF2C4 /* ViewController.swift */,
				3F38511C1DE0699F009BF2C4 /* Main.storyboard */,
				3F38511F1DE0699F009BF2C4 /* Assets.xcassets */,
				3F3851211DE0699F009BF2C4 /* LaunchScreen.storyboard */,
				3F3851241DE0699F009BF2C4 /* Info.plist */,
			);
			path = Examples;
			sourceTree = "<group>";
		};
		3F38512C1DE069A0009BF2C4 /* ExamplesTests */ = {
			isa = PBXGroup;
			children = (
				3F3851361DE06A29009BF2C4 /* TableOfContentsSpec.swift */,
				3F38512F1DE069A0009BF2C4 /* Info.plist */,
			);
			path = ExamplesTests;
			sourceTree = "<group>";
		};
		7D702E9B59FD6FA7569F39DA /* Pods */ = {
			isa = PBXGroup;
			children = (
				07332B1A918A3259048D1ED9 /* Pods-Examples.debug.xcconfig */,
				DD18F85F310F2F5FA68E452B /* Pods-Examples.release.xcconfig */,
				FFE5882C129E902461708845 /* Pods-ExamplesTests.debug.xcconfig */,
				E0DA1B0175A7C36ECC472C01 /* Pods-ExamplesTests.release.xcconfig */,
			);
			name = Pods;
			sourceTree = "<group>";
		};
		FC4D3D48C4BE5D6BBA823C53 /* Frameworks */ = {
			isa = PBXGroup;
			children = (
				B002FB841D2A2D7445A70D48 /* Pods_Examples.framework */,
				6A434CE41CD9478214E7E60C /* Pods_ExamplesTests.framework */,
			);
			name = Frameworks;
			sourceTree = "<group>";
		};
/* End PBXGroup section */

/* Begin PBXNativeTarget section */
		3F3851151DE0699F009BF2C4 /* Examples */ = {
			isa = PBXNativeTarget;
			buildConfigurationList = 3F3851301DE069A0009BF2C4 /* Build configuration list for PBXNativeTarget "Examples" */;
			buildPhases = (
				1A867A3495FA0375CA1482BB /* [CP] Check Pods Manifest.lock */,
				3F3851121DE0699F009BF2C4 /* Sources */,
				3F3851131DE0699F009BF2C4 /* Frameworks */,
				3F3851141DE0699F009BF2C4 /* Resources */,
				45CEF12075EC9B3AC2590574 /* [CP] Embed Pods Frameworks */,
				CA32AB0BA9526B6402EBFFE4 /* [CP] Copy Pods Resources */,
			);
			buildRules = (
			);
			dependencies = (
			);
			name = Examples;
			productName = Examples;
			productReference = 3F3851161DE0699F009BF2C4 /* Examples.app */;
			productType = "com.apple.product-type.application";
		};
		3F3851281DE0699F009BF2C4 /* ExamplesTests */ = {
			isa = PBXNativeTarget;
			buildConfigurationList = 3F3851331DE069A0009BF2C4 /* Build configuration list for PBXNativeTarget "ExamplesTests" */;
			buildPhases = (
				E62DF56611D140E1EB0F2F36 /* [CP] Check Pods Manifest.lock */,
				3F3851251DE0699F009BF2C4 /* Sources */,
				3F3851261DE0699F009BF2C4 /* Frameworks */,
				3F3851271DE0699F009BF2C4 /* Resources */,
				A91ECABB95D25052E19C1473 /* [CP] Embed Pods Frameworks */,
				0EAF8FE69E89A43863B11300 /* [CP] Copy Pods Resources */,
			);
			buildRules = (
			);
			dependencies = (
				3F38512B1DE0699F009BF2C4 /* PBXTargetDependency */,
			);
			name = ExamplesTests;
			productName = ExamplesTests;
			productReference = 3F3851291DE0699F009BF2C4 /* ExamplesTests.xctest */;
			productType = "com.apple.product-type.bundle.unit-test";
		};
/* End PBXNativeTarget section */

/* Begin PBXProject section */
		3F00EE531DB8C8BD00C7028D /* Project object */ = {
			isa = PBXProject;
			attributes = {
				LastSwiftUpdateCheck = 0810;
				LastUpgradeCheck = 0810;
				TargetAttributes = {
					3F3851151DE0699F009BF2C4 = {
						CreatedOnToolsVersion = 8.1;
						DevelopmentTeam = 63EWLY2W55;
						ProvisioningStyle = Automatic;
					};
					3F3851281DE0699F009BF2C4 = {
						CreatedOnToolsVersion = 8.1;
						DevelopmentTeam = 63EWLY2W55;
						LastSwiftMigration = 0810;
						ProvisioningStyle = Automatic;
						TestTargetID = 3F3851151DE0699F009BF2C4;
					};
				};
			};
			buildConfigurationList = 3F00EE561DB8C8BD00C7028D /* Build configuration list for PBXProject "QuickDocumentationExamples" */;
			compatibilityVersion = "Xcode 3.2";
			developmentRegion = English;
			hasScannedForEncodings = 0;
			knownRegions = (
				en,
				Base,
			);
			mainGroup = 3F00EE521DB8C8BD00C7028D;
			productRefGroup = 3F00EE5E1DB8C9B000C7028D /* Products */;
			projectDirPath = "";
			projectRoot = "";
			targets = (
				3F3851151DE0699F009BF2C4 /* Examples */,
				3F3851281DE0699F009BF2C4 /* ExamplesTests */,
			);
		};
/* End PBXProject section */

/* Begin PBXResourcesBuildPhase section */
		3F3851141DE0699F009BF2C4 /* Resources */ = {
			isa = PBXResourcesBuildPhase;
			buildActionMask = 2147483647;
			files = (
				3F3851231DE0699F009BF2C4 /* LaunchScreen.storyboard in Resources */,
				3F3851201DE0699F009BF2C4 /* Assets.xcassets in Resources */,
				3F38511E1DE0699F009BF2C4 /* Main.storyboard in Resources */,
			);
			runOnlyForDeploymentPostprocessing = 0;
		};
		3F3851271DE0699F009BF2C4 /* Resources */ = {
			isa = PBXResourcesBuildPhase;
			buildActionMask = 2147483647;
			files = (
			);
			runOnlyForDeploymentPostprocessing = 0;
		};
/* End PBXResourcesBuildPhase section */

/* Begin PBXShellScriptBuildPhase section */
		0EAF8FE69E89A43863B11300 /* [CP] Copy Pods Resources */ = {
			isa = PBXShellScriptBuildPhase;
			buildActionMask = 2147483647;
			files = (
			);
			inputPaths = (
			);
			name = "[CP] Copy Pods Resources";
			outputPaths = (
			);
			runOnlyForDeploymentPostprocessing = 0;
			shellPath = /bin/sh;
			shellScript = "\"${SRCROOT}/Pods/Target Support Files/Pods-ExamplesTests/Pods-ExamplesTests-resources.sh\"\n";
			showEnvVarsInLog = 0;
		};
		1A867A3495FA0375CA1482BB /* [CP] Check Pods Manifest.lock */ = {
			isa = PBXShellScriptBuildPhase;
			buildActionMask = 2147483647;
			files = (
			);
			inputPaths = (
			);
			name = "[CP] Check Pods Manifest.lock";
			outputPaths = (
			);
			runOnlyForDeploymentPostprocessing = 0;
			shellPath = /bin/sh;
			shellScript = "diff \"${PODS_ROOT}/../Podfile.lock\" \"${PODS_ROOT}/Manifest.lock\" > /dev/null\nif [ $? != 0 ] ; then\n    # print error to STDERR\n    echo \"error: The sandbox is not in sync with the Podfile.lock. Run 'pod install' or update your CocoaPods installation.\" >&2\n    exit 1\nfi\n";
			showEnvVarsInLog = 0;
		};
		45CEF12075EC9B3AC2590574 /* [CP] Embed Pods Frameworks */ = {
			isa = PBXShellScriptBuildPhase;
			buildActionMask = 2147483647;
			files = (
			);
			inputPaths = (
			);
			name = "[CP] Embed Pods Frameworks";
			outputPaths = (
			);
			runOnlyForDeploymentPostprocessing = 0;
			shellPath = /bin/sh;
			shellScript = "\"${SRCROOT}/Pods/Target Support Files/Pods-Examples/Pods-Examples-frameworks.sh\"\n";
			showEnvVarsInLog = 0;
		};
		A91ECABB95D25052E19C1473 /* [CP] Embed Pods Frameworks */ = {
			isa = PBXShellScriptBuildPhase;
			buildActionMask = 2147483647;
			files = (
			);
			inputPaths = (
			);
			name = "[CP] Embed Pods Frameworks";
			outputPaths = (
			);
			runOnlyForDeploymentPostprocessing = 0;
			shellPath = /bin/sh;
			shellScript = "\"${SRCROOT}/Pods/Target Support Files/Pods-ExamplesTests/Pods-ExamplesTests-frameworks.sh\"\n";
			showEnvVarsInLog = 0;
		};
		CA32AB0BA9526B6402EBFFE4 /* [CP] Copy Pods Resources */ = {
			isa = PBXShellScriptBuildPhase;
			buildActionMask = 2147483647;
			files = (
			);
			inputPaths = (
			);
			name = "[CP] Copy Pods Resources";
			outputPaths = (
			);
			runOnlyForDeploymentPostprocessing = 0;
			shellPath = /bin/sh;
			shellScript = "\"${SRCROOT}/Pods/Target Support Files/Pods-Examples/Pods-Examples-resources.sh\"\n";
			showEnvVarsInLog = 0;
		};
		E62DF56611D140E1EB0F2F36 /* [CP] Check Pods Manifest.lock */ = {
			isa = PBXShellScriptBuildPhase;
			buildActionMask = 2147483647;
			files = (
			);
			inputPaths = (
			);
			name = "[CP] Check Pods Manifest.lock";
			outputPaths = (
			);
			runOnlyForDeploymentPostprocessing = 0;
			shellPath = /bin/sh;
			shellScript = "diff \"${PODS_ROOT}/../Podfile.lock\" \"${PODS_ROOT}/Manifest.lock\" > /dev/null\nif [ $? != 0 ] ; then\n    # print error to STDERR\n    echo \"error: The sandbox is not in sync with the Podfile.lock. Run 'pod install' or update your CocoaPods installation.\" >&2\n    exit 1\nfi\n";
			showEnvVarsInLog = 0;
		};
/* End PBXShellScriptBuildPhase section */

/* Begin PBXSourcesBuildPhase section */
		3F3851121DE0699F009BF2C4 /* Sources */ = {
			isa = PBXSourcesBuildPhase;
			buildActionMask = 2147483647;
			files = (
				3F38511B1DE0699F009BF2C4 /* ViewController.swift in Sources */,
				3F3851191DE0699F009BF2C4 /* AppDelegate.swift in Sources */,
			);
			runOnlyForDeploymentPostprocessing = 0;
		};
		3F3851251DE0699F009BF2C4 /* Sources */ = {
			isa = PBXSourcesBuildPhase;
			buildActionMask = 2147483647;
			files = (
				3F3851371DE06A29009BF2C4 /* TableOfContentsSpec.swift in Sources */,
			);
			runOnlyForDeploymentPostprocessing = 0;
		};
/* End PBXSourcesBuildPhase section */

/* Begin PBXTargetDependency section */
		3F38512B1DE0699F009BF2C4 /* PBXTargetDependency */ = {
			isa = PBXTargetDependency;
			target = 3F3851151DE0699F009BF2C4 /* Examples */;
			targetProxy = 3F38512A1DE0699F009BF2C4 /* PBXContainerItemProxy */;
		};
/* End PBXTargetDependency section */

/* Begin PBXVariantGroup section */
		3F38511C1DE0699F009BF2C4 /* Main.storyboard */ = {
			isa = PBXVariantGroup;
			children = (
				3F38511D1DE0699F009BF2C4 /* Base */,
			);
			name = Main.storyboard;
			sourceTree = "<group>";
		};
		3F3851211DE0699F009BF2C4 /* LaunchScreen.storyboard */ = {
			isa = PBXVariantGroup;
			children = (
				3F3851221DE0699F009BF2C4 /* Base */,
			);
			name = LaunchScreen.storyboard;
			sourceTree = "<group>";
		};
/* End PBXVariantGroup section */

/* Begin XCBuildConfiguration section */
		3F00EE571DB8C8BD00C7028D /* Debug */ = {
			isa = XCBuildConfiguration;
			buildSettings = {
				CLANG_WARN_BOOL_CONVERSION = YES;
				CLANG_WARN_CONSTANT_CONVERSION = YES;
				CLANG_WARN_EMPTY_BODY = YES;
				CLANG_WARN_ENUM_CONVERSION = YES;
				CLANG_WARN_INFINITE_RECURSION = YES;
				CLANG_WARN_INT_CONVERSION = YES;
				CLANG_WARN_SUSPICIOUS_MOVE = YES;
				CLANG_WARN_UNREACHABLE_CODE = YES;
				CLANG_WARN__DUPLICATE_METHOD_MATCH = YES;
				ENABLE_STRICT_OBJC_MSGSEND = YES;
				ENABLE_TESTABILITY = YES;
				GCC_NO_COMMON_BLOCKS = YES;
				GCC_WARN_64_TO_32_BIT_CONVERSION = YES;
				GCC_WARN_ABOUT_RETURN_TYPE = YES;
				GCC_WARN_UNDECLARED_SELECTOR = YES;
				GCC_WARN_UNINITIALIZED_AUTOS = YES;
				GCC_WARN_UNUSED_FUNCTION = YES;
				GCC_WARN_UNUSED_VARIABLE = YES;
				ONLY_ACTIVE_ARCH = YES;
			};
			name = Debug;
		};
		3F00EE581DB8C8BD00C7028D /* Release */ = {
			isa = XCBuildConfiguration;
			buildSettings = {
				CLANG_WARN_BOOL_CONVERSION = YES;
				CLANG_WARN_CONSTANT_CONVERSION = YES;
				CLANG_WARN_EMPTY_BODY = YES;
				CLANG_WARN_ENUM_CONVERSION = YES;
				CLANG_WARN_INFINITE_RECURSION = YES;
				CLANG_WARN_INT_CONVERSION = YES;
				CLANG_WARN_SUSPICIOUS_MOVE = YES;
				CLANG_WARN_UNREACHABLE_CODE = YES;
				CLANG_WARN__DUPLICATE_METHOD_MATCH = YES;
				ENABLE_STRICT_OBJC_MSGSEND = YES;
				GCC_NO_COMMON_BLOCKS = YES;
				GCC_WARN_64_TO_32_BIT_CONVERSION = YES;
				GCC_WARN_ABOUT_RETURN_TYPE = YES;
				GCC_WARN_UNDECLARED_SELECTOR = YES;
				GCC_WARN_UNINITIALIZED_AUTOS = YES;
				GCC_WARN_UNUSED_FUNCTION = YES;
				GCC_WARN_UNUSED_VARIABLE = YES;
			};
			name = Release;
		};
		3F3851311DE069A0009BF2C4 /* Debug */ = {
			isa = XCBuildConfiguration;
			baseConfigurationReference = 07332B1A918A3259048D1ED9 /* Pods-Examples.debug.xcconfig */;
			buildSettings = {
				ALWAYS_SEARCH_USER_PATHS = NO;
				ASSETCATALOG_COMPILER_APPICON_NAME = AppIcon;
				CLANG_ANALYZER_NONNULL = YES;
				CLANG_CXX_LANGUAGE_STANDARD = "gnu++0x";
				CLANG_CXX_LIBRARY = "libc++";
				CLANG_ENABLE_MODULES = YES;
				CLANG_ENABLE_OBJC_ARC = YES;
				CLANG_WARN_BOOL_CONVERSION = YES;
				CLANG_WARN_CONSTANT_CONVERSION = YES;
				CLANG_WARN_DIRECT_OBJC_ISA_USAGE = YES_ERROR;
				CLANG_WARN_DOCUMENTATION_COMMENTS = YES;
				CLANG_WARN_EMPTY_BODY = YES;
				CLANG_WARN_ENUM_CONVERSION = YES;
				CLANG_WARN_INFINITE_RECURSION = YES;
				CLANG_WARN_INT_CONVERSION = YES;
				CLANG_WARN_OBJC_ROOT_CLASS = YES_ERROR;
				CLANG_WARN_SUSPICIOUS_MOVES = YES;
				CLANG_WARN_UNREACHABLE_CODE = YES;
				CLANG_WARN__DUPLICATE_METHOD_MATCH = YES;
				"CODE_SIGN_IDENTITY[sdk=iphoneos*]" = "iPhone Developer";
				COPY_PHASE_STRIP = NO;
				DEBUG_INFORMATION_FORMAT = dwarf;
				DEVELOPMENT_TEAM = 63EWLY2W55;
				ENABLE_STRICT_OBJC_MSGSEND = YES;
				ENABLE_TESTABILITY = YES;
				GCC_C_LANGUAGE_STANDARD = gnu99;
				GCC_DYNAMIC_NO_PIC = NO;
				GCC_NO_COMMON_BLOCKS = YES;
				GCC_OPTIMIZATION_LEVEL = 0;
				GCC_PREPROCESSOR_DEFINITIONS = (
					"DEBUG=1",
					"$(inherited)",
				);
				GCC_WARN_64_TO_32_BIT_CONVERSION = YES;
				GCC_WARN_ABOUT_RETURN_TYPE = YES_ERROR;
				GCC_WARN_UNDECLARED_SELECTOR = YES;
				GCC_WARN_UNINITIALIZED_AUTOS = YES_AGGRESSIVE;
				GCC_WARN_UNUSED_FUNCTION = YES;
				GCC_WARN_UNUSED_VARIABLE = YES;
				INFOPLIST_FILE = Examples/Info.plist;
				IPHONEOS_DEPLOYMENT_TARGET = 10.1;
				LD_RUNPATH_SEARCH_PATHS = "$(inherited) @executable_path/Frameworks";
				MTL_ENABLE_DEBUG_INFO = YES;
				ONLY_ACTIVE_ARCH = YES;
				PRODUCT_BUNDLE_IDENTIFIER = mokagio.Examples;
				PRODUCT_NAME = "$(TARGET_NAME)";
				SDKROOT = iphoneos;
				SWIFT_ACTIVE_COMPILATION_CONDITIONS = DEBUG;
				SWIFT_OPTIMIZATION_LEVEL = "-Onone";
				SWIFT_VERSION = 3.0;
				TARGETED_DEVICE_FAMILY = "1,2";
			};
			name = Debug;
		};
		3F3851321DE069A0009BF2C4 /* Release */ = {
			isa = XCBuildConfiguration;
			baseConfigurationReference = DD18F85F310F2F5FA68E452B /* Pods-Examples.release.xcconfig */;
			buildSettings = {
				ALWAYS_SEARCH_USER_PATHS = NO;
				ASSETCATALOG_COMPILER_APPICON_NAME = AppIcon;
				CLANG_ANALYZER_NONNULL = YES;
				CLANG_CXX_LANGUAGE_STANDARD = "gnu++0x";
				CLANG_CXX_LIBRARY = "libc++";
				CLANG_ENABLE_MODULES = YES;
				CLANG_ENABLE_OBJC_ARC = YES;
				CLANG_WARN_BOOL_CONVERSION = YES;
				CLANG_WARN_CONSTANT_CONVERSION = YES;
				CLANG_WARN_DIRECT_OBJC_ISA_USAGE = YES_ERROR;
				CLANG_WARN_DOCUMENTATION_COMMENTS = YES;
				CLANG_WARN_EMPTY_BODY = YES;
				CLANG_WARN_ENUM_CONVERSION = YES;
				CLANG_WARN_INFINITE_RECURSION = YES;
				CLANG_WARN_INT_CONVERSION = YES;
				CLANG_WARN_OBJC_ROOT_CLASS = YES_ERROR;
				CLANG_WARN_SUSPICIOUS_MOVES = YES;
				CLANG_WARN_UNREACHABLE_CODE = YES;
				CLANG_WARN__DUPLICATE_METHOD_MATCH = YES;
				"CODE_SIGN_IDENTITY[sdk=iphoneos*]" = "iPhone Developer";
				COPY_PHASE_STRIP = NO;
				DEBUG_INFORMATION_FORMAT = "dwarf-with-dsym";
				DEVELOPMENT_TEAM = 63EWLY2W55;
				ENABLE_NS_ASSERTIONS = NO;
				ENABLE_STRICT_OBJC_MSGSEND = YES;
				GCC_C_LANGUAGE_STANDARD = gnu99;
				GCC_NO_COMMON_BLOCKS = YES;
				GCC_WARN_64_TO_32_BIT_CONVERSION = YES;
				GCC_WARN_ABOUT_RETURN_TYPE = YES_ERROR;
				GCC_WARN_UNDECLARED_SELECTOR = YES;
				GCC_WARN_UNINITIALIZED_AUTOS = YES_AGGRESSIVE;
				GCC_WARN_UNUSED_FUNCTION = YES;
				GCC_WARN_UNUSED_VARIABLE = YES;
				INFOPLIST_FILE = Examples/Info.plist;
				IPHONEOS_DEPLOYMENT_TARGET = 10.1;
				LD_RUNPATH_SEARCH_PATHS = "$(inherited) @executable_path/Frameworks";
				MTL_ENABLE_DEBUG_INFO = NO;
				PRODUCT_BUNDLE_IDENTIFIER = mokagio.Examples;
				PRODUCT_NAME = "$(TARGET_NAME)";
				SDKROOT = iphoneos;
				SWIFT_OPTIMIZATION_LEVEL = "-Owholemodule";
				SWIFT_VERSION = 3.0;
				TARGETED_DEVICE_FAMILY = "1,2";
				VALIDATE_PRODUCT = YES;
			};
			name = Release;
		};
		3F3851341DE069A0009BF2C4 /* Debug */ = {
			isa = XCBuildConfiguration;
			baseConfigurationReference = FFE5882C129E902461708845 /* Pods-ExamplesTests.debug.xcconfig */;
			buildSettings = {
				ALWAYS_EMBED_SWIFT_STANDARD_LIBRARIES = YES;
				ALWAYS_SEARCH_USER_PATHS = NO;
				BUNDLE_LOADER = "$(TEST_HOST)";
				CLANG_ANALYZER_NONNULL = YES;
				CLANG_CXX_LANGUAGE_STANDARD = "gnu++0x";
				CLANG_CXX_LIBRARY = "libc++";
				CLANG_ENABLE_MODULES = YES;
				CLANG_ENABLE_OBJC_ARC = YES;
				CLANG_WARN_BOOL_CONVERSION = YES;
				CLANG_WARN_CONSTANT_CONVERSION = YES;
				CLANG_WARN_DIRECT_OBJC_ISA_USAGE = YES_ERROR;
				CLANG_WARN_DOCUMENTATION_COMMENTS = YES;
				CLANG_WARN_EMPTY_BODY = YES;
				CLANG_WARN_ENUM_CONVERSION = YES;
				CLANG_WARN_INFINITE_RECURSION = YES;
				CLANG_WARN_INT_CONVERSION = YES;
				CLANG_WARN_OBJC_ROOT_CLASS = YES_ERROR;
				CLANG_WARN_SUSPICIOUS_MOVES = YES;
				CLANG_WARN_UNREACHABLE_CODE = YES;
				CLANG_WARN__DUPLICATE_METHOD_MATCH = YES;
				"CODE_SIGN_IDENTITY[sdk=iphoneos*]" = "iPhone Developer";
				COPY_PHASE_STRIP = NO;
				DEBUG_INFORMATION_FORMAT = dwarf;
				DEVELOPMENT_TEAM = 63EWLY2W55;
				ENABLE_STRICT_OBJC_MSGSEND = YES;
				ENABLE_TESTABILITY = YES;
				GCC_C_LANGUAGE_STANDARD = gnu99;
				GCC_DYNAMIC_NO_PIC = NO;
				GCC_NO_COMMON_BLOCKS = YES;
				GCC_OPTIMIZATION_LEVEL = 0;
				GCC_PREPROCESSOR_DEFINITIONS = (
					"DEBUG=1",
					"$(inherited)",
				);
				GCC_WARN_64_TO_32_BIT_CONVERSION = YES;
				GCC_WARN_ABOUT_RETURN_TYPE = YES_ERROR;
				GCC_WARN_UNDECLARED_SELECTOR = YES;
				GCC_WARN_UNINITIALIZED_AUTOS = YES_AGGRESSIVE;
				GCC_WARN_UNUSED_FUNCTION = YES;
				GCC_WARN_UNUSED_VARIABLE = YES;
				INFOPLIST_FILE = ExamplesTests/Info.plist;
				IPHONEOS_DEPLOYMENT_TARGET = 10.1;
				LD_RUNPATH_SEARCH_PATHS = "$(inherited) @executable_path/Frameworks @loader_path/Frameworks";
				MTL_ENABLE_DEBUG_INFO = YES;
				ONLY_ACTIVE_ARCH = YES;
				PRODUCT_BUNDLE_IDENTIFIER = mokagio.ExamplesTests;
				PRODUCT_NAME = "$(TARGET_NAME)";
				SDKROOT = iphoneos;
				SWIFT_ACTIVE_COMPILATION_CONDITIONS = DEBUG;
				SWIFT_OPTIMIZATION_LEVEL = "-Onone";
				SWIFT_VERSION = 3.0;
				TEST_HOST = "$(BUILT_PRODUCTS_DIR)/Examples.app/Examples";
			};
			name = Debug;
		};
		3F3851351DE069A0009BF2C4 /* Release */ = {
			isa = XCBuildConfiguration;
			baseConfigurationReference = E0DA1B0175A7C36ECC472C01 /* Pods-ExamplesTests.release.xcconfig */;
			buildSettings = {
				ALWAYS_EMBED_SWIFT_STANDARD_LIBRARIES = YES;
				ALWAYS_SEARCH_USER_PATHS = NO;
				BUNDLE_LOADER = "$(TEST_HOST)";
				CLANG_ANALYZER_NONNULL = YES;
				CLANG_CXX_LANGUAGE_STANDARD = "gnu++0x";
				CLANG_CXX_LIBRARY = "libc++";
				CLANG_ENABLE_MODULES = YES;
				CLANG_ENABLE_OBJC_ARC = YES;
				CLANG_WARN_BOOL_CONVERSION = YES;
				CLANG_WARN_CONSTANT_CONVERSION = YES;
				CLANG_WARN_DIRECT_OBJC_ISA_USAGE = YES_ERROR;
				CLANG_WARN_DOCUMENTATION_COMMENTS = YES;
				CLANG_WARN_EMPTY_BODY = YES;
				CLANG_WARN_ENUM_CONVERSION = YES;
				CLANG_WARN_INFINITE_RECURSION = YES;
				CLANG_WARN_INT_CONVERSION = YES;
				CLANG_WARN_OBJC_ROOT_CLASS = YES_ERROR;
				CLANG_WARN_SUSPICIOUS_MOVES = YES;
				CLANG_WARN_UNREACHABLE_CODE = YES;
				CLANG_WARN__DUPLICATE_METHOD_MATCH = YES;
				"CODE_SIGN_IDENTITY[sdk=iphoneos*]" = "iPhone Developer";
				COPY_PHASE_STRIP = NO;
				DEBUG_INFORMATION_FORMAT = "dwarf-with-dsym";
				DEVELOPMENT_TEAM = 63EWLY2W55;
				ENABLE_NS_ASSERTIONS = NO;
				ENABLE_STRICT_OBJC_MSGSEND = YES;
				GCC_C_LANGUAGE_STANDARD = gnu99;
				GCC_NO_COMMON_BLOCKS = YES;
				GCC_WARN_64_TO_32_BIT_CONVERSION = YES;
				GCC_WARN_ABOUT_RETURN_TYPE = YES_ERROR;
				GCC_WARN_UNDECLARED_SELECTOR = YES;
				GCC_WARN_UNINITIALIZED_AUTOS = YES_AGGRESSIVE;
				GCC_WARN_UNUSED_FUNCTION = YES;
				GCC_WARN_UNUSED_VARIABLE = YES;
				INFOPLIST_FILE = ExamplesTests/Info.plist;
				IPHONEOS_DEPLOYMENT_TARGET = 10.1;
				LD_RUNPATH_SEARCH_PATHS = "$(inherited) @executable_path/Frameworks @loader_path/Frameworks";
				MTL_ENABLE_DEBUG_INFO = NO;
				PRODUCT_BUNDLE_IDENTIFIER = mokagio.ExamplesTests;
				PRODUCT_NAME = "$(TARGET_NAME)";
				SDKROOT = iphoneos;
				SWIFT_OPTIMIZATION_LEVEL = "-Owholemodule";
				SWIFT_VERSION = 3.0;
				TEST_HOST = "$(BUILT_PRODUCTS_DIR)/Examples.app/Examples";
				VALIDATE_PRODUCT = YES;
			};
			name = Release;
		};
/* End XCBuildConfiguration section */

/* Begin XCConfigurationList section */
		3F00EE561DB8C8BD00C7028D /* Build configuration list for PBXProject "QuickDocumentationExamples" */ = {
			isa = XCConfigurationList;
			buildConfigurations = (
				3F00EE571DB8C8BD00C7028D /* Debug */,
				3F00EE581DB8C8BD00C7028D /* Release */,
			);
			defaultConfigurationIsVisible = 0;
			defaultConfigurationName = Release;
		};
		3F3851301DE069A0009BF2C4 /* Build configuration list for PBXNativeTarget "Examples" */ = {
			isa = XCConfigurationList;
			buildConfigurations = (
				3F3851311DE069A0009BF2C4 /* Debug */,
				3F3851321DE069A0009BF2C4 /* Release */,
			);
			defaultConfigurationIsVisible = 0;
			defaultConfigurationName = Release;
		};
		3F3851331DE069A0009BF2C4 /* Build configuration list for PBXNativeTarget "ExamplesTests" */ = {
			isa = XCConfigurationList;
			buildConfigurations = (
				3F3851341DE069A0009BF2C4 /* Debug */,
				3F3851351DE069A0009BF2C4 /* Release */,
			);
			defaultConfigurationIsVisible = 0;
			defaultConfigurationName = Release;
		};
/* End XCConfigurationList section */
	};
	rootObject = 3F00EE531DB8C8BD00C7028D /* Project object */;
}
